// !$*UTF8*$!
{
	archiveVersion = 1;
	classes = {
	};
	objectVersion = 46;
	objects = {

/* Begin PBXBuildFile section */
		618AAB0C1B019DE1008FF500 /* AppDelegate.swift in Sources */ = {isa = PBXBuildFile; fileRef = 618AAB0B1B019DE1008FF500 /* AppDelegate.swift */; };
		618AAB0F1B019DE1008FF500 /* CoreDataCustomObjectDemo.xcdatamodeld in Sources */ = {isa = PBXBuildFile; fileRef = 618AAB0D1B019DE1008FF500 /* CoreDataCustomObjectDemo.xcdatamodeld */; };
		618AAB111B019DE1008FF500 /* ViewController.swift in Sources */ = {isa = PBXBuildFile; fileRef = 618AAB101B019DE1008FF500 /* ViewController.swift */; };
		618AAB141B019DE1008FF500 /* Main.storyboard in Resources */ = {isa = PBXBuildFile; fileRef = 618AAB121B019DE1008FF500 /* Main.storyboard */; };
		618AAB161B019DE1008FF500 /* Images.xcassets in Resources */ = {isa = PBXBuildFile; fileRef = 618AAB151B019DE1008FF500 /* Images.xcassets */; };
		618AAB191B019DE1008FF500 /* LaunchScreen.xib in Resources */ = {isa = PBXBuildFile; fileRef = 618AAB171B019DE1008FF500 /* LaunchScreen.xib */; };
		618AAB251B019DE1008FF500 /* CoreDataCustomObjectDemoTests.swift in Sources */ = {isa = PBXBuildFile; fileRef = 618AAB241B019DE1008FF500 /* CoreDataCustomObjectDemoTests.swift */; };
/* End PBXBuildFile section */

/* Begin PBXContainerItemProxy section */
		618AAB1F1B019DE1008FF500 /* PBXContainerItemProxy */ = {
			isa = PBXContainerItemProxy;
			containerPortal = 618AAAFE1B019DE1008FF500 /* Project object */;
			proxyType = 1;
			remoteGlobalIDString = 618AAB051B019DE1008FF500;
			remoteInfo = CoreDataCustomObjectDemo;
		};
/* End PBXContainerItemProxy section */

/* Begin PBXFileReference section */
		618AAB061B019DE1008FF500 /* CoreDataCustomObjectDemo.app */ = {isa = PBXFileReference; explicitFileType = wrapper.application; includeInIndex = 0; path = CoreDataCustomObjectDemo.app; sourceTree = BUILT_PRODUCTS_DIR; };
		618AAB0A1B019DE1008FF500 /* Info.plist */ = {isa = PBXFileReference; lastKnownFileType = text.plist.xml; path = Info.plist; sourceTree = "<group>"; };
		618AAB0B1B019DE1008FF500 /* AppDelegate.swift */ = {isa = PBXFileReference; lastKnownFileType = sourcecode.swift; path = AppDelegate.swift; sourceTree = "<group>"; };
		618AAB0E1B019DE1008FF500 /* CoreDataCustomObjectDemo.xcdatamodel */ = {isa = PBXFileReference; lastKnownFileType = wrapper.xcdatamodel; path = CoreDataCustomObjectDemo.xcdatamodel; sourceTree = "<group>"; };
		618AAB101B019DE1008FF500 /* ViewController.swift */ = {isa = PBXFileReference; lastKnownFileType = sourcecode.swift; path = ViewController.swift; sourceTree = "<group>"; };
		618AAB131B019DE1008FF500 /* Base */ = {isa = PBXFileReference; lastKnownFileType = file.storyboard; name = Base; path = Base.lproj/Main.storyboard; sourceTree = "<group>"; };
		618AAB151B019DE1008FF500 /* Images.xcassets */ = {isa = PBXFileReference; lastKnownFileType = folder.assetcatalog; path = Images.xcassets; sourceTree = "<group>"; };
		618AAB181B019DE1008FF500 /* Base */ = {isa = PBXFileReference; lastKnownFileType = file.xib; name = Base; path = Base.lproj/LaunchScreen.xib; sourceTree = "<group>"; };
		618AAB1E1B019DE1008FF500 /* CoreDataCustomObjectDemoTests.xctest */ = {isa = PBXFileReference; explicitFileType = wrapper.cfbundle; includeInIndex = 0; path = CoreDataCustomObjectDemoTests.xctest; sourceTree = BUILT_PRODUCTS_DIR; };
		618AAB231B019DE1008FF500 /* Info.plist */ = {isa = PBXFileReference; lastKnownFileType = text.plist.xml; path = Info.plist; sourceTree = "<group>"; };
		618AAB241B019DE1008FF500 /* CoreDataCustomObjectDemoTests.swift */ = {isa = PBXFileReference; lastKnownFileType = sourcecode.swift; path = CoreDataCustomObjectDemoTests.swift; sourceTree = "<group>"; };
/* End PBXFileReference section */

/* Begin PBXFrameworksBuildPhase section */
		618AAB031B019DE1008FF500 /* Frameworks */ = {
			isa = PBXFrameworksBuildPhase;
			buildActionMask = 2147483647;
			files = (
			);
			runOnlyForDeploymentPostprocessing = 0;
		};
		618AAB1B1B019DE1008FF500 /* Frameworks */ = {
			isa = PBXFrameworksBuildPhase;
			buildActionMask = 2147483647;
			files = (
			);
			runOnlyForDeploymentPostprocessing = 0;
		};
/* End PBXFrameworksBuildPhase section */

/* Begin PBXGroup section */
		618AAAFD1B019DE1008FF500 = {
			isa = PBXGroup;
			children = (
				618AAB081B019DE1008FF500 /* CoreDataCustomObjectDemo */,
				618AAB211B019DE1008FF500 /* CoreDataCustomObjectDemoTests */,
				618AAB071B019DE1008FF500 /* Products */,
			);
			sourceTree = "<group>";
		};
		618AAB071B019DE1008FF500 /* Products */ = {
			isa = PBXGroup;
			children = (
				618AAB061B019DE1008FF500 /* CoreDataCustomObjectDemo.app */,
				618AAB1E1B019DE1008FF500 /* CoreDataCustomObjectDemoTests.xctest */,
			);
			name = Products;
			sourceTree = "<group>";
		};
		618AAB081B019DE1008FF500 /* CoreDataCustomObjectDemo */ = {
			isa = PBXGroup;
			children = (
				618AAB0B1B019DE1008FF500 /* AppDelegate.swift */,
				618AAB101B019DE1008FF500 /* ViewController.swift */,
				618AAB121B019DE1008FF500 /* Main.storyboard */,
				618AAB151B019DE1008FF500 /* Images.xcassets */,
				618AAB171B019DE1008FF500 /* LaunchScreen.xib */,
				618AAB0D1B019DE1008FF500 /* CoreDataCustomObjectDemo.xcdatamodeld */,
				618AAB091B019DE1008FF500 /* Supporting Files */,
			);
			path = CoreDataCustomObjectDemo;
			sourceTree = "<group>";
		};
		618AAB091B019DE1008FF500 /* Supporting Files */ = {
			isa = PBXGroup;
			children = (
				618AAB0A1B019DE1008FF500 /* Info.plist */,
			);
			name = "Supporting Files";
			sourceTree = "<group>";
		};
		618AAB211B019DE1008FF500 /* CoreDataCustomObjectDemoTests */ = {
			isa = PBXGroup;
			children = (
				618AAB241B019DE1008FF500 /* CoreDataCustomObjectDemoTests.swift */,
				618AAB221B019DE1008FF500 /* Supporting Files */,
			);
			path = CoreDataCustomObjectDemoTests;
			sourceTree = "<group>";
		};
		618AAB221B019DE1008FF500 /* Supporting Files */ = {
			isa = PBXGroup;
			children = (
				618AAB231B019DE1008FF500 /* Info.plist */,
			);
			name = "Supporting Files";
			sourceTree = "<group>";
		};
/* End PBXGroup section */

/* Begin PBXNativeTarget section */
		618AAB051B019DE1008FF500 /* CoreDataCustomObjectDemo */ = {
			isa = PBXNativeTarget;
			buildConfigurationList = 618AAB281B019DE1008FF500 /* Build configuration list for PBXNativeTarget "CoreDataCustomObjectDemo" */;
			buildPhases = (
				618AAB021B019DE1008FF500 /* Sources */,
				618AAB031B019DE1008FF500 /* Frameworks */,
				618AAB041B019DE1008FF500 /* Resources */,
			);
			buildRules = (
			);
			dependencies = (
			);
			name = CoreDataCustomObjectDemo;
			productName = CoreDataCustomObjectDemo;
			productReference = 618AAB061B019DE1008FF500 /* CoreDataCustomObjectDemo.app */;
			productType = "com.apple.product-type.application";
		};
		618AAB1D1B019DE1008FF500 /* CoreDataCustomObjectDemoTests */ = {
			isa = PBXNativeTarget;
			buildConfigurationList = 618AAB2B1B019DE1008FF500 /* Build configuration list for PBXNativeTarget "CoreDataCustomObjectDemoTests" */;
			buildPhases = (
				618AAB1A1B019DE1008FF500 /* Sources */,
				618AAB1B1B019DE1008FF500 /* Frameworks */,
				618AAB1C1B019DE1008FF500 /* Resources */,
			);
			buildRules = (
			);
			dependencies = (
				618AAB201B019DE1008FF500 /* PBXTargetDependency */,
			);
			name = CoreDataCustomObjectDemoTests;
			productName = CoreDataCustomObjectDemoTests;
			productReference = 618AAB1E1B019DE1008FF500 /* CoreDataCustomObjectDemoTests.xctest */;
			productType = "com.apple.product-type.bundle.unit-test";
		};
/* End PBXNativeTarget section */

/* Begin PBXProject section */
		618AAAFE1B019DE1008FF500 /* Project object */ = {
			isa = PBXProject;
			attributes = {
				LastUpgradeCheck = 0630;
				ORGANIZATIONNAME = "Macbook Pro MD102";
				TargetAttributes = {
					618AAB051B019DE1008FF500 = {
						CreatedOnToolsVersion = 6.3;
					};
					618AAB1D1B019DE1008FF500 = {
						CreatedOnToolsVersion = 6.3;
						TestTargetID = 618AAB051B019DE1008FF500;
					};
				};
			};
			buildConfigurationList = 618AAB011B019DE1008FF500 /* Build configuration list for PBXProject "CoreDataCustomObjectDemo" */;
			compatibilityVersion = "Xcode 3.2";
			developmentRegion = English;
			hasScannedForEncodings = 0;
			knownRegions = (
				en,
				Base,
			);
			mainGroup = 618AAAFD1B019DE1008FF500;
			productRefGroup = 618AAB071B019DE1008FF500 /* Products */;
			projectDirPath = "";
			projectRoot = "";
			targets = (
				618AAB051B019DE1008FF500 /* CoreDataCustomObjectDemo */,
				618AAB1D1B019DE1008FF500 /* CoreDataCustomObjectDemoTests */,
			);
		};
/* End PBXProject section */

/* Begin PBXResourcesBuildPhase section */
		618AAB041B019DE1008FF500 /* Resources */ = {
			isa = PBXResourcesBuildPhase;
			buildActionMask = 2147483647;
			files = (
				618AAB141B019DE1008FF500 /* Main.storyboard in Resources */,
				618AAB191B019DE1008FF500 /* LaunchScreen.xib in Resources */,
				618AAB161B019DE1008FF500 /* Images.xcassets in Resources */,
			);
			runOnlyForDeploymentPostprocessing = 0;
		};
		618AAB1C1B019DE1008FF500 /* Resources */ = {
			isa = PBXResourcesBuildPhase;
			buildActionMask = 2147483647;
			files = (
			);
			runOnlyForDeploymentPostprocessing = 0;
		};
/* End PBXResourcesBuildPhase section */

/* Begin PBXSourcesBuildPhase section */
		618AAB021B019DE1008FF500 /* Sources */ = {
			isa = PBXSourcesBuildPhase;
			buildActionMask = 2147483647;
			files = (
				618AAB111B019DE1008FF500 /* ViewController.swift in Sources */,
				618AAB0C1B019DE1008FF500 /* AppDelegate.swift in Sources */,
				618AAB0F1B019DE1008FF500 /* CoreDataCustomObjectDemo.xcdatamodeld in Sources */,
			);
			runOnlyForDeploymentPostprocessing = 0;
		};
		618AAB1A1B019DE1008FF500 /* Sources */ = {
			isa = PBXSourcesBuildPhase;
			buildActionMask = 2147483647;
			files = (
				618AAB251B019DE1008FF500 /* CoreDataCustomObjectDemoTests.swift in Sources */,
			);
			runOnlyForDeploymentPostprocessing = 0;
		};
/* End PBXSourcesBuildPhase section */

/* Begin PBXTargetDependency section */
		618AAB201B019DE1008FF500 /* PBXTargetDependency */ = {
			isa = PBXTargetDependency;
			target = 618AAB051B019DE1008FF500 /* CoreDataCustomObjectDemo */;
			targetProxy = 618AAB1F1B019DE1008FF500 /* PBXContainerItemProxy */;
		};
/* End PBXTargetDependency section */

/* Begin PBXVariantGroup section */
		618AAB121B019DE1008FF500 /* Main.storyboard */ = {
			isa = PBXVariantGroup;
			children = (
				618AAB131B019DE1008FF500 /* Base */,
			);
			name = Main.storyboard;
			sourceTree = "<group>";
		};
		618AAB171B019DE1008FF500 /* LaunchScreen.xib */ = {
			isa = PBXVariantGroup;
			children = (
				618AAB181B019DE1008FF500 /* Base */,
			);
			name = LaunchScreen.xib;
			sourceTree = "<group>";
		};
/* End PBXVariantGroup section */

/* Begin XCBuildConfiguration section */
		618AAB261B019DE1008FF500 /* Debug */ = {
			isa = XCBuildConfiguration;
			buildSettings = {
				ALWAYS_SEARCH_USER_PATHS = NO;
				CLANG_CXX_LANGUAGE_STANDARD = "gnu++0x";
				CLANG_CXX_LIBRARY = "libc++";
				CLANG_ENABLE_MODULES = YES;
				CLANG_ENABLE_OBJC_ARC = YES;
				CLANG_WARN_BOOL_CONVERSION = YES;
				CLANG_WARN_CONSTANT_CONVERSION = YES;
				CLANG_WARN_DIRECT_OBJC_ISA_USAGE = YES_ERROR;
				CLANG_WARN_EMPTY_BODY = YES;
				CLANG_WARN_ENUM_CONVERSION = YES;
				CLANG_WARN_INT_CONVERSION = YES;
				CLANG_WARN_OBJC_ROOT_CLASS = YES_ERROR;
				CLANG_WARN_UNREACHABLE_CODE = YES;
				CLANG_WARN__DUPLICATE_METHOD_MATCH = YES;
				"CODE_SIGN_IDENTITY[sdk=iphoneos*]" = "iPhone Developer";
				COPY_PHASE_STRIP = NO;
				DEBUG_INFORMATION_FORMAT = "dwarf-with-dsym";
				ENABLE_STRICT_OBJC_MSGSEND = YES;
				GCC_C_LANGUAGE_STANDARD = gnu99;
				GCC_DYNAMIC_NO_PIC = NO;
				GCC_NO_COMMON_BLOCKS = YES;
				GCC_OPTIMIZATION_LEVEL = 0;
				GCC_PREPROCESSOR_DEFINITIONS = (
					"DEBUG=1",
					"$(inherited)",
				);
				GCC_SYMBOLS_PRIVATE_EXTERN = NO;
				GCC_WARN_64_TO_32_BIT_CONVERSION = YES;
				GCC_WARN_ABOUT_RETURN_TYPE = YES_ERROR;
				GCC_WARN_UNDECLARED_SELECTOR = YES;
				GCC_WARN_UNINITIALIZED_AUTOS = YES_AGGRESSIVE;
				GCC_WARN_UNUSED_FUNCTION = YES;
				GCC_WARN_UNUSED_VARIABLE = YES;
				IPHONEOS_DEPLOYMENT_TARGET = 8.3;
				MTL_ENABLE_DEBUG_INFO = YES;
				ONLY_ACTIVE_ARCH = YES;
				SDKROOT = iphoneos;
				SWIFT_OPTIMIZATION_LEVEL = "-Onone";
			};
			name = Debug;
		};
		618AAB271B019DE1008FF500 /* Release */ = {
			isa = XCBuildConfiguration;
			buildSettings = {
				ALWAYS_SEARCH_USER_PATHS = NO;
				CLANG_CXX_LANGUAGE_STANDARD = "gnu++0x";
				CLANG_CXX_LIBRARY = "libc++";
				CLANG_ENABLE_MODULES = YES;
				CLANG_ENABLE_OBJC_ARC = YES;
				CLANG_WARN_BOOL_CONVERSION = YES;
				CLANG_WARN_CONSTANT_CONVERSION = YES;
				CLANG_WARN_DIRECT_OBJC_ISA_USAGE = YES_ERROR;
				CLANG_WARN_EMPTY_BODY = YES;
				CLANG_WARN_ENUM_CONVERSION = YES;
				CLANG_WARN_INT_CONVERSION = YES;
				CLANG_WARN_OBJC_ROOT_CLASS = YES_ERROR;
				CLANG_WARN_UNREACHABLE_CODE = YES;
				CLANG_WARN__DUPLICATE_METHOD_MATCH = YES;
				"CODE_SIGN_IDENTITY[sdk=iphoneos*]" = "iPhone Developer";
				COPY_PHASE_STRIP = NO;
				DEBUG_INFORMATION_FORMAT = "dwarf-with-dsym";
				ENABLE_NS_ASSERTIONS = NO;
				ENABLE_STRICT_OBJC_MSGSEND = YES;
				GCC_C_LANGUAGE_STANDARD = gnu99;
				GCC_NO_COMMON_BLOCKS = YES;
				GCC_WARN_64_TO_32_BIT_CONVERSION = YES;
				GCC_WARN_ABOUT_RETURN_TYPE = YES_ERROR;
				GCC_WARN_UNDECLARED_SELECTOR = YES;
				GCC_WARN_UNINITIALIZED_AUTOS = YES_AGGRESSIVE;
				GCC_WARN_UNUSED_FUNCTION = YES;
				GCC_WARN_UNUSED_VARIABLE = YES;
				IPHONEOS_DEPLOYMENT_TARGET = 8.3;
				MTL_ENABLE_DEBUG_INFO = NO;
				SDKROOT = iphoneos;
				VALIDATE_PRODUCT = YES;
			};
			name = Release;
		};
		618AAB291B019DE1008FF500 /* Debug */ = {
			isa = XCBuildConfiguration;
			buildSettings = {
				ASSETCATALOG_COMPILER_APPICON_NAME = AppIcon;
				INFOPLIST_FILE = CoreDataCustomObjectDemo/Info.plist;
				LD_RUNPATH_SEARCH_PATHS = "$(inherited) @executable_path/Frameworks";
				PRODUCT_NAME = "$(TARGET_NAME)";
			};
			name = Debug;
		};
		618AAB2A1B019DE1008FF500 /* Release */ = {
			isa = XCBuildConfiguration;
			buildSettings = {
				ASSETCATALOG_COMPILER_APPICON_NAME = AppIcon;
				INFOPLIST_FILE = CoreDataCustomObjectDemo/Info.plist;
				LD_RUNPATH_SEARCH_PATHS = "$(inherited) @executable_path/Frameworks";
				PRODUCT_NAME = "$(TARGET_NAME)";
			};
			name = Release;
		};
		618AAB2C1B019DE1008FF500 /* Debug */ = {
			isa = XCBuildConfiguration;
			buildSettings = {
				BUNDLE_LOADER = "$(TEST_HOST)";
				FRAMEWORK_SEARCH_PATHS = (
					"$(SDKROOT)/Developer/Library/Frameworks",
					"$(inherited)",
				);
				GCC_PREPROCESSOR_DEFINITIONS = (
					"DEBUG=1",
					"$(inherited)",
				);
				INFOPLIST_FILE = CoreDataCustomObjectDemoTests/Info.plist;
				LD_RUNPATH_SEARCH_PATHS = "$(inherited) @executable_path/Frameworks @loader_path/Frameworks";
				PRODUCT_NAME = "$(TARGET_NAME)";
				TEST_HOST = "$(BUILT_PRODUCTS_DIR)/CoreDataCustomObjectDemo.app/CoreDataCustomObjectDemo";
			};
			name = Debug;
		};
		618AAB2D1B019DE1008FF500 /* Release */ = {
			isa = XCBuildConfiguration;
			buildSettings = {
				BUNDLE_LOADER = "$(TEST_HOST)";
				FRAMEWORK_SEARCH_PATHS = (
					"$(SDKROOT)/Developer/Library/Frameworks",
					"$(inherited)",
				);
				INFOPLIST_FILE = CoreDataCustomObjectDemoTests/Info.plist;
				LD_RUNPATH_SEARCH_PATHS = "$(inherited) @executable_path/Frameworks @loader_path/Frameworks";
				PRODUCT_NAME = "$(TARGET_NAME)";
				TEST_HOST = "$(BUILT_PRODUCTS_DIR)/CoreDataCustomObjectDemo.app/CoreDataCustomObjectDemo";
			};
			name = Release;
		};
/* End XCBuildConfiguration section */

/* Begin XCConfigurationList section */
		618AAB011B019DE1008FF500 /* Build configuration list for PBXProject "CoreDataCustomObjectDemo" */ = {
			isa = XCConfigurationList;
			buildConfigurations = (
				618AAB261B019DE1008FF500 /* Debug */,
				618AAB271B019DE1008FF500 /* Release */,
			);
			defaultConfigurationIsVisible = 0;
			defaultConfigurationName = Release;
		};
		618AAB281B019DE1008FF500 /* Build configuration list for PBXNativeTarget "CoreDataCustomObjectDemo" */ = {
			isa = XCConfigurationList;
			buildConfigurations = (
				618AAB291B019DE1008FF500 /* Debug */,
				618AAB2A1B019DE1008FF500 /* Release */,
			);
			defaultConfigurationIsVisible = 0;
		};
		618AAB2B1B019DE1008FF500 /* Build configuration list for PBXNativeTarget "CoreDataCustomObjectDemoTests" */ = {
			isa = XCConfigurationList;
			buildConfigurations = (
				618AAB2C1B019DE1008FF500 /* Debug */,
				618AAB2D1B019DE1008FF500 /* Release */,
			);
			defaultConfigurationIsVisible = 0;
		};
/* End XCConfigurationList section */

/* Begin XCVersionGroup section */
		618AAB0D1B019DE1008FF500 /* CoreDataCustomObjectDemo.xcdatamodeld */ = {
			isa = XCVersionGroup;
			children = (
				618AAB0E1B019DE1008FF500 /* CoreDataCustomObjectDemo.xcdatamodel */,
			);
			currentVersion = 618AAB0E1B019DE1008FF500 /* CoreDataCustomObjectDemo.xcdatamodel */;
			path = CoreDataCustomObjectDemo.xcdatamodeld;
			sourceTree = "<group>";
			versionGroupType = wrapper.xcdatamodel;
		};
/* End XCVersionGroup section */
	};
	rootObject = 618AAAFE1B019DE1008FF500 /* Project object */;
}
